
Microsoft Visual Studio Solution File, Format Version 12.00
# Visual Studio 15
VisualStudioVersion = 15.0.27703.2035
MinimumVisualStudioVersion = 10.0.40219.1
Project("{FAE04EC0-301F-11D3-BF4B-00C04F79EFBC}") = "KibaBoundaryDrag", "KibaBoundaryDrag\KibaBoundaryDrag.csproj", "{9C520629-404D-4D8B-9237-FD9DD512C54A}"
EndProject
Project("{FAE04EC0-301F-11D3-BF4B-00C04F79EFBC}") = "KibaBoundaryDragTest", "KibaBoundaryDragTest\KibaBoundaryDragTest.csproj", "{2C042707-083F-4FE5-8EF9-96D298C2751B}"
EndProject
Global
	GlobalSection(SolutionConfigurationPlatforms) = preSolution
		Debug|Any CPU = Debug|Any CPU
		Release|Any CPU = Release|Any CPU
	EndGlobalSection
	GlobalSection(ProjectConfigurationPlatforms) = postSolution
		{9C520629-404D-4D8B-9237-FD9DD512C54A}.Debug|Any CPU.ActiveCfg = Debug|Any CPU
		{9C520629-404D-4D8B-9237-FD9DD512C54A}.Debug|Any CPU.Build.0 = Debug|Any CPU
		{9C520629-404D-4D8B-9237-FD9DD512C54A}.Release|Any CPU.ActiveCfg = Release|Any CPU
		{9C520629-404D-4D8B-9237-FD9DD512C54A}.Release|Any CPU.Build.0 = Release|Any CPU
		{2C042707-083F-4FE5-8EF9-96D298C2751B}.Debug|Any CPU.ActiveCfg = Debug|Any CPU
		{2C042707-083F-4FE5-8EF9-96D298C2751B}.Debug|Any CPU.Build.0 = Debug|Any CPU
		{2C042707-083F-4FE5-8EF9-96D298C2751B}.Release|Any CPU.ActiveCfg = Release|Any CPU
		{2C042707-083F-4FE5-8EF9-96D298C2751B}.Release|Any CPU.Build.0 = Release|Any CPU
	EndGlobalSection
	GlobalSection(SolutionProperties) = preSolution
		HideSolutionNode = FALSE
	EndGlobalSection
	GlobalSection(ExtensibilityGlobals) = postSolution
		SolutionGuid = {7F2D2A6A-1515-487A-8D3B-3C6EEEBAC72B}
	EndGlobalSection
EndGlobal
